
Microsoft Visual Studio Solution File, Format Version 12.00
# Visual Studio Version 17
VisualStudioVersion = 17.12.35527.113
MinimumVisualStudioVersion = 10.0.40219.1
Project("{FAE04EC0-301F-11D3-BF4B-00C04F79EFBC}") = "FSI.Ecommerce.Domain", "Domain\FSI.Ecommerce.Domain\FSI.Ecommerce.Domain.csproj", "{AEB2C8B9-B240-4E36-A232-3AB9EC2673D5}"
EndProject
Project("{2150E333-8FDC-42A3-9474-1A3956D46DE8}") = "Domain", "Domain", "{584260D9-7E12-49E5-870F-E7CDF35B8EF6}"
EndProject
Project("{2150E333-8FDC-42A3-9474-1A3956D46DE8}") = "Infrastructure", "Infrastructure", "{3C99AC9F-085C-4C4E-BC0B-DE5CF9CBE55D}"
EndProject
Project("{FAE04EC0-301F-11D3-BF4B-00C04F79EFBC}") = "FSI.Ecommerce.Infrastructure", "Infrastructure\FSI.Ecommerce.Infrastructure\FSI.Ecommerce.Infrastructure.csproj", "{523455C3-BA83-4416-ADD4-09062EE34F08}"
EndProject
Project("{2150E333-8FDC-42A3-9474-1A3956D46DE8}") = "Service", "Service", "{7F21781A-A648-442B-9C24-1171E3639563}"
EndProject
Project("{FAE04EC0-301F-11D3-BF4B-00C04F79EFBC}") = "FSI.Ecommerce.Service", "Service\FSI.Ecommerce.Service\FSI.Ecommerce.Service.csproj", "{703D3C2A-F3A6-4DAC-80E2-3EC44FD9A1C8}"
EndProject
Project("{2150E333-8FDC-42A3-9474-1A3956D46DE8}") = "Api", "Api", "{24A4447A-CC11-4254-A475-D40C55D11D8C}"
EndProject
Project("{FAE04EC0-301F-11D3-BF4B-00C04F79EFBC}") = "FSI.Ecommerce.Api", "Api\FSI.Ecommerce.Api\FSI.Ecommerce.Api.csproj", "{3652E553-D51B-49ED-8736-59C44AF8F98F}"
EndProject
Global
	GlobalSection(SolutionConfigurationPlatforms) = preSolution
		Debug|Any CPU = Debug|Any CPU
		Release|Any CPU = Release|Any CPU
	EndGlobalSection
	GlobalSection(ProjectConfigurationPlatforms) = postSolution
		{AEB2C8B9-B240-4E36-A232-3AB9EC2673D5}.Debug|Any CPU.ActiveCfg = Debug|Any CPU
		{AEB2C8B9-B240-4E36-A232-3AB9EC2673D5}.Debug|Any CPU.Build.0 = Debug|Any CPU
		{AEB2C8B9-B240-4E36-A232-3AB9EC2673D5}.Release|Any CPU.ActiveCfg = Release|Any CPU
		{AEB2C8B9-B240-4E36-A232-3AB9EC2673D5}.Release|Any CPU.Build.0 = Release|Any CPU
		{523455C3-BA83-4416-ADD4-09062EE34F08}.Debug|Any CPU.ActiveCfg = Debug|Any CPU
		{523455C3-BA83-4416-ADD4-09062EE34F08}.Debug|Any CPU.Build.0 = Debug|Any CPU
		{523455C3-BA83-4416-ADD4-09062EE34F08}.Release|Any CPU.ActiveCfg = Release|Any CPU
		{523455C3-BA83-4416-ADD4-09062EE34F08}.Release|Any CPU.Build.0 = Release|Any CPU
		{703D3C2A-F3A6-4DAC-80E2-3EC44FD9A1C8}.Debug|Any CPU.ActiveCfg = Debug|Any CPU
		{703D3C2A-F3A6-4DAC-80E2-3EC44FD9A1C8}.Debug|Any CPU.Build.0 = Debug|Any CPU
		{703D3C2A-F3A6-4DAC-80E2-3EC44FD9A1C8}.Release|Any CPU.ActiveCfg = Release|Any CPU
		{703D3C2A-F3A6-4DAC-80E2-3EC44FD9A1C8}.Release|Any CPU.Build.0 = Release|Any CPU
		{3652E553-D51B-49ED-8736-59C44AF8F98F}.Debug|Any CPU.ActiveCfg = Debug|Any CPU
		{3652E553-D51B-49ED-8736-59C44AF8F98F}.Debug|Any CPU.Build.0 = Debug|Any CPU
		{3652E553-D51B-49ED-8736-59C44AF8F98F}.Release|Any CPU.ActiveCfg = Release|Any CPU
		{3652E553-D51B-49ED-8736-59C44AF8F98F}.Release|Any CPU.Build.0 = Release|Any CPU
	EndGlobalSection
	GlobalSection(SolutionProperties) = preSolution
		HideSolutionNode = FALSE
	EndGlobalSection
	GlobalSection(NestedProjects) = preSolution
		{AEB2C8B9-B240-4E36-A232-3AB9EC2673D5} = {584260D9-7E12-49E5-870F-E7CDF35B8EF6}
		{523455C3-BA83-4416-ADD4-09062EE34F08} = {3C99AC9F-085C-4C4E-BC0B-DE5CF9CBE55D}
		{703D3C2A-F3A6-4DAC-80E2-3EC44FD9A1C8} = {7F21781A-A648-442B-9C24-1171E3639563}
		{3652E553-D51B-49ED-8736-59C44AF8F98F} = {24A4447A-CC11-4254-A475-D40C55D11D8C}
	EndGlobalSection
EndGlobal
